
Microsoft Visual Studio Solution File, Format Version 12.00
# Visual Studio 2012
Project("{FAE04EC0-301F-11D3-BF4B-00C04F79EFBC}") = "SusaninPathFindingForm", "NavMesh\SusaninPathFindingForm.csproj", "{929D4A1D-724C-4E4B-87BD-86967A9F192C}"
EndProject
Project("{FAE04EC0-301F-11D3-BF4B-00C04F79EFBC}") = "SusaninPathFinding", "MyNavMesh\SusaninPathFinding.csproj", "{D04432FB-06A2-4387-B218-EBDDF7AB2E3A}"
EndProject
Project("{FAE04EC0-301F-11D3-BF4B-00C04F79EFBC}") = "SusaninPathFindingBenchmark", "NavMeshBenchmark\SusaninPathFindingBenchmark.csproj", "{AB55AE10-C7BA-49BE-82DE-F840D214B9BB}"
EndProject
Project("{FAE04EC0-301F-11D3-BF4B-00C04F79EFBC}") = "SusaninPathFindingTests", "NavMeshTest\SusaninPathFindingTests.csproj", "{797014A5-278B-4203-9DE9-B6476A94C3D6}"
EndProject
Project("{FAE04EC0-301F-11D3-BF4B-00C04F79EFBC}") = "TestDLLBind", "TestDLLBind\TestDLLBind.csproj", "{9EB132C7-210A-4153-B4E5-927CDE58960C}"
EndProject
Global
	GlobalSection(SolutionConfigurationPlatforms) = preSolution
		Debug|Any CPU = Debug|Any CPU
		Debug|x64 = Debug|x64
		Debug|x86 = Debug|x86
		Release|Any CPU = Release|Any CPU
		Release|x64 = Release|x64
		Release|x86 = Release|x86
	EndGlobalSection
	GlobalSection(ProjectConfigurationPlatforms) = postSolution
		{929D4A1D-724C-4E4B-87BD-86967A9F192C}.Debug|Any CPU.ActiveCfg = Debug|x86
		{929D4A1D-724C-4E4B-87BD-86967A9F192C}.Debug|x64.ActiveCfg = Debug|x64
		{929D4A1D-724C-4E4B-87BD-86967A9F192C}.Debug|x86.ActiveCfg = Debug|x86
		{929D4A1D-724C-4E4B-87BD-86967A9F192C}.Debug|x86.Build.0 = Debug|x86
		{929D4A1D-724C-4E4B-87BD-86967A9F192C}.Release|Any CPU.ActiveCfg = Release|x86
		{929D4A1D-724C-4E4B-87BD-86967A9F192C}.Release|x64.ActiveCfg = Release|x64
		{929D4A1D-724C-4E4B-87BD-86967A9F192C}.Release|x86.ActiveCfg = Release|x86
		{929D4A1D-724C-4E4B-87BD-86967A9F192C}.Release|x86.Build.0 = Release|x86
		{D04432FB-06A2-4387-B218-EBDDF7AB2E3A}.Debug|Any CPU.ActiveCfg = Debug|x86
		{D04432FB-06A2-4387-B218-EBDDF7AB2E3A}.Debug|Any CPU.Build.0 = Debug|x86
		{D04432FB-06A2-4387-B218-EBDDF7AB2E3A}.Debug|x64.ActiveCfg = Debug|x64
		{D04432FB-06A2-4387-B218-EBDDF7AB2E3A}.Debug|x64.Build.0 = Debug|x64
		{D04432FB-06A2-4387-B218-EBDDF7AB2E3A}.Debug|x86.ActiveCfg = Debug|x86
		{D04432FB-06A2-4387-B218-EBDDF7AB2E3A}.Debug|x86.Build.0 = Debug|x86
		{D04432FB-06A2-4387-B218-EBDDF7AB2E3A}.Release|Any CPU.ActiveCfg = Release|Any CPU
		{D04432FB-06A2-4387-B218-EBDDF7AB2E3A}.Release|Any CPU.Build.0 = Release|Any CPU
		{D04432FB-06A2-4387-B218-EBDDF7AB2E3A}.Release|x64.ActiveCfg = Release|x64
		{D04432FB-06A2-4387-B218-EBDDF7AB2E3A}.Release|x64.Build.0 = Release|x64
		{D04432FB-06A2-4387-B218-EBDDF7AB2E3A}.Release|x86.ActiveCfg = Release|x86
		{D04432FB-06A2-4387-B218-EBDDF7AB2E3A}.Release|x86.Build.0 = Release|x86
		{D04432FB-06A2-4387-B218-EBDDF7AB2E3A}.Release|x86.Deploy.0 = Release|x86
		{AB55AE10-C7BA-49BE-82DE-F840D214B9BB}.Debug|Any CPU.ActiveCfg = Debug|x86
		{AB55AE10-C7BA-49BE-82DE-F840D214B9BB}.Debug|x64.ActiveCfg = Debug|x64
		{AB55AE10-C7BA-49BE-82DE-F840D214B9BB}.Debug|x86.ActiveCfg = Debug|x86
		{AB55AE10-C7BA-49BE-82DE-F840D214B9BB}.Debug|x86.Build.0 = Debug|x86
		{AB55AE10-C7BA-49BE-82DE-F840D214B9BB}.Release|Any CPU.ActiveCfg = Release|x86
		{AB55AE10-C7BA-49BE-82DE-F840D214B9BB}.Release|x64.ActiveCfg = Release|x64
		{AB55AE10-C7BA-49BE-82DE-F840D214B9BB}.Release|x86.ActiveCfg = Release|x86
		{AB55AE10-C7BA-49BE-82DE-F840D214B9BB}.Release|x86.Build.0 = Release|x86
		{797014A5-278B-4203-9DE9-B6476A94C3D6}.Debug|Any CPU.ActiveCfg = Debug|Any CPU
		{797014A5-278B-4203-9DE9-B6476A94C3D6}.Debug|Any CPU.Build.0 = Debug|Any CPU
		{797014A5-278B-4203-9DE9-B6476A94C3D6}.Debug|x64.ActiveCfg = Debug|Any CPU
		{797014A5-278B-4203-9DE9-B6476A94C3D6}.Debug|x86.ActiveCfg = Debug|Any CPU
		{797014A5-278B-4203-9DE9-B6476A94C3D6}.Release|Any CPU.ActiveCfg = Release|Any CPU
		{797014A5-278B-4203-9DE9-B6476A94C3D6}.Release|Any CPU.Build.0 = Release|Any CPU
		{797014A5-278B-4203-9DE9-B6476A94C3D6}.Release|x64.ActiveCfg = Release|Any CPU
		{797014A5-278B-4203-9DE9-B6476A94C3D6}.Release|x86.ActiveCfg = Release|Any CPU
		{9EB132C7-210A-4153-B4E5-927CDE58960C}.Debug|Any CPU.ActiveCfg = Debug|x86
		{9EB132C7-210A-4153-B4E5-927CDE58960C}.Debug|Any CPU.Build.0 = Debug|x86
		{9EB132C7-210A-4153-B4E5-927CDE58960C}.Debug|x64.ActiveCfg = Debug|x64
		{9EB132C7-210A-4153-B4E5-927CDE58960C}.Debug|x64.Build.0 = Debug|x64
		{9EB132C7-210A-4153-B4E5-927CDE58960C}.Debug|x86.ActiveCfg = Debug|x86
		{9EB132C7-210A-4153-B4E5-927CDE58960C}.Debug|x86.Build.0 = Debug|x86
		{9EB132C7-210A-4153-B4E5-927CDE58960C}.Release|Any CPU.ActiveCfg = Release|Any CPU
		{9EB132C7-210A-4153-B4E5-927CDE58960C}.Release|Any CPU.Build.0 = Release|Any CPU
		{9EB132C7-210A-4153-B4E5-927CDE58960C}.Release|x64.ActiveCfg = Release|x64
		{9EB132C7-210A-4153-B4E5-927CDE58960C}.Release|x64.Build.0 = Release|x64
		{9EB132C7-210A-4153-B4E5-927CDE58960C}.Release|x86.ActiveCfg = Release|x86
		{9EB132C7-210A-4153-B4E5-927CDE58960C}.Release|x86.Build.0 = Release|x86
	EndGlobalSection
	GlobalSection(SolutionProperties) = preSolution
		HideSolutionNode = FALSE
	EndGlobalSection
EndGlobal
